
Microsoft Visual Studio Solution File, Format Version 12.00
Project("{2150E333-8FDC-42A3-9474-1A3956D46DE8}") = "src", "src", "{D351F50C-CA43-4E3B-AC8E-DD684EDC5699}"
EndProject
Project("{2150E333-8FDC-42A3-9474-1A3956D46DE8}") = "tests", "tests", "{5631DC58-CB1B-438E-AC2F-4F61C04FFFEC}"
EndProject
Project("{FAE04EC0-301F-11D3-BF4B-00C04F79EFBC}") = "Tests.DefaultNullHandling", "tests\Tests.DefaultNullHandling\Tests.DefaultNullHandling.csproj", "{9151627E-AE20-493E-A58C-716F3AF03FE8}"
EndProject
Project("{FAE04EC0-301F-11D3-BF4B-00C04F79EFBC}") = "DefaultNullHandling", "src\DefaultNullHandling\DefaultNullHandling.csproj", "{551464F0-169B-4F4A-A5C8-A539E41CB5EB}"
EndProject
Project("{FAE04EC0-301F-11D3-BF4B-00C04F79EFBC}") = "NullableReferenceTypes", "src\NullableReferenceTypes\NullableReferenceTypes.csproj", "{A0A93F81-CD52-4255-BAAB-4D1120148752}"
EndProject
Project("{FAE04EC0-301F-11D3-BF4B-00C04F79EFBC}") = "Tests.NullableReferenceTypes", "tests\Tests.NullableReferenceTypes\Tests.NullableReferenceTypes.csproj", "{C9B5A74C-A003-4A37-8838-58E00EB54C3C}"
EndProject
Project("{FAE04EC0-301F-11D3-BF4B-00C04F79EFBC}") = "EmptyObjects", "src\EmptyObjects\EmptyObjects.csproj", "{2BF14473-A4F9-4B27-BAA4-67A0DFD16664}"
EndProject
Project("{FAE04EC0-301F-11D3-BF4B-00C04F79EFBC}") = "Tests.EmptyObjects", "tests\Tests.EmptyObjects\Tests.EmptyObjects.csproj", "{F6AD33B5-37B3-4820-82BD-32851B8BCCF9}"
EndProject
Project("{FAE04EC0-301F-11D3-BF4B-00C04F79EFBC}") = "OptionType", "src\OptionType\OptionType.csproj", "{796F13AE-5907-4F89-8495-D416B84F8291}"
EndProject
Project("{FAE04EC0-301F-11D3-BF4B-00C04F79EFBC}") = "Tests.OptionType", "tests\Tests.OptionType\Tests.OptionType.csproj", "{EC8CDF5D-091F-4B1E-A9A2-DC9C3ADC5215}"
EndProject
Global
	GlobalSection(SolutionConfigurationPlatforms) = preSolution
		Debug|Any CPU = Debug|Any CPU
		Release|Any CPU = Release|Any CPU
	EndGlobalSection
	GlobalSection(ProjectConfigurationPlatforms) = postSolution
		{9151627E-AE20-493E-A58C-716F3AF03FE8}.Debug|Any CPU.ActiveCfg = Debug|Any CPU
		{9151627E-AE20-493E-A58C-716F3AF03FE8}.Debug|Any CPU.Build.0 = Debug|Any CPU
		{9151627E-AE20-493E-A58C-716F3AF03FE8}.Release|Any CPU.ActiveCfg = Release|Any CPU
		{9151627E-AE20-493E-A58C-716F3AF03FE8}.Release|Any CPU.Build.0 = Release|Any CPU
		{551464F0-169B-4F4A-A5C8-A539E41CB5EB}.Debug|Any CPU.ActiveCfg = Debug|Any CPU
		{551464F0-169B-4F4A-A5C8-A539E41CB5EB}.Debug|Any CPU.Build.0 = Debug|Any CPU
		{551464F0-169B-4F4A-A5C8-A539E41CB5EB}.Release|Any CPU.ActiveCfg = Release|Any CPU
		{551464F0-169B-4F4A-A5C8-A539E41CB5EB}.Release|Any CPU.Build.0 = Release|Any CPU
		{A0A93F81-CD52-4255-BAAB-4D1120148752}.Debug|Any CPU.ActiveCfg = Debug|Any CPU
		{A0A93F81-CD52-4255-BAAB-4D1120148752}.Debug|Any CPU.Build.0 = Debug|Any CPU
		{A0A93F81-CD52-4255-BAAB-4D1120148752}.Release|Any CPU.ActiveCfg = Release|Any CPU
		{A0A93F81-CD52-4255-BAAB-4D1120148752}.Release|Any CPU.Build.0 = Release|Any CPU
		{C9B5A74C-A003-4A37-8838-58E00EB54C3C}.Debug|Any CPU.ActiveCfg = Debug|Any CPU
		{C9B5A74C-A003-4A37-8838-58E00EB54C3C}.Debug|Any CPU.Build.0 = Debug|Any CPU
		{C9B5A74C-A003-4A37-8838-58E00EB54C3C}.Release|Any CPU.ActiveCfg = Release|Any CPU
		{C9B5A74C-A003-4A37-8838-58E00EB54C3C}.Release|Any CPU.Build.0 = Release|Any CPU
		{2BF14473-A4F9-4B27-BAA4-67A0DFD16664}.Debug|Any CPU.ActiveCfg = Debug|Any CPU
		{2BF14473-A4F9-4B27-BAA4-67A0DFD16664}.Debug|Any CPU.Build.0 = Debug|Any CPU
		{2BF14473-A4F9-4B27-BAA4-67A0DFD16664}.Release|Any CPU.ActiveCfg = Release|Any CPU
		{2BF14473-A4F9-4B27-BAA4-67A0DFD16664}.Release|Any CPU.Build.0 = Release|Any CPU
		{F6AD33B5-37B3-4820-82BD-32851B8BCCF9}.Debug|Any CPU.ActiveCfg = Debug|Any CPU
		{F6AD33B5-37B3-4820-82BD-32851B8BCCF9}.Debug|Any CPU.Build.0 = Debug|Any CPU
		{F6AD33B5-37B3-4820-82BD-32851B8BCCF9}.Release|Any CPU.ActiveCfg = Release|Any CPU
		{F6AD33B5-37B3-4820-82BD-32851B8BCCF9}.Release|Any CPU.Build.0 = Release|Any CPU
		{796F13AE-5907-4F89-8495-D416B84F8291}.Debug|Any CPU.ActiveCfg = Debug|Any CPU
		{796F13AE-5907-4F89-8495-D416B84F8291}.Debug|Any CPU.Build.0 = Debug|Any CPU
		{796F13AE-5907-4F89-8495-D416B84F8291}.Release|Any CPU.ActiveCfg = Release|Any CPU
		{796F13AE-5907-4F89-8495-D416B84F8291}.Release|Any CPU.Build.0 = Release|Any CPU
		{EC8CDF5D-091F-4B1E-A9A2-DC9C3ADC5215}.Debug|Any CPU.ActiveCfg = Debug|Any CPU
		{EC8CDF5D-091F-4B1E-A9A2-DC9C3ADC5215}.Debug|Any CPU.Build.0 = Debug|Any CPU
		{EC8CDF5D-091F-4B1E-A9A2-DC9C3ADC5215}.Release|Any CPU.ActiveCfg = Release|Any CPU
		{EC8CDF5D-091F-4B1E-A9A2-DC9C3ADC5215}.Release|Any CPU.Build.0 = Release|Any CPU
	EndGlobalSection
	GlobalSection(NestedProjects) = preSolution
		{9151627E-AE20-493E-A58C-716F3AF03FE8} = {5631DC58-CB1B-438E-AC2F-4F61C04FFFEC}
		{551464F0-169B-4F4A-A5C8-A539E41CB5EB} = {D351F50C-CA43-4E3B-AC8E-DD684EDC5699}
		{A0A93F81-CD52-4255-BAAB-4D1120148752} = {D351F50C-CA43-4E3B-AC8E-DD684EDC5699}
		{C9B5A74C-A003-4A37-8838-58E00EB54C3C} = {5631DC58-CB1B-438E-AC2F-4F61C04FFFEC}
		{2BF14473-A4F9-4B27-BAA4-67A0DFD16664} = {D351F50C-CA43-4E3B-AC8E-DD684EDC5699}
		{F6AD33B5-37B3-4820-82BD-32851B8BCCF9} = {5631DC58-CB1B-438E-AC2F-4F61C04FFFEC}
		{796F13AE-5907-4F89-8495-D416B84F8291} = {D351F50C-CA43-4E3B-AC8E-DD684EDC5699}
		{EC8CDF5D-091F-4B1E-A9A2-DC9C3ADC5215} = {5631DC58-CB1B-438E-AC2F-4F61C04FFFEC}
	EndGlobalSection
EndGlobal
